
Microsoft Visual Studio Solution File, Format Version 12.00
# Visual Studio Express 15 for Windows Desktop
VisualStudioVersion = 15.0.28307.852
MinimumVisualStudioVersion = 10.0.40219.1
Project("{FAE04EC0-301F-11D3-BF4B-00C04F79EFBC}") = "lab1", "lab1\lab1.csproj", "{082827B2-09DD-4D2C-92C8-66EE16A2254B}"
EndProject
Global
	GlobalSection(SolutionConfigurationPlatforms) = preSolution
		Debug|Any CPU = Debug|Any CPU
		Release|Any CPU = Release|Any CPU
	EndGlobalSection
	GlobalSection(ProjectConfigurationPlatforms) = postSolution
		{082827B2-09DD-4D2C-92C8-66EE16A2254B}.Debug|Any CPU.ActiveCfg = Debug|Any CPU
		{082827B2-09DD-4D2C-92C8-66EE16A2254B}.Debug|Any CPU.Build.0 = Debug|Any CPU
		{082827B2-09DD-4D2C-92C8-66EE16A2254B}.Release|Any CPU.ActiveCfg = Release|Any CPU
		{082827B2-09DD-4D2C-92C8-66EE16A2254B}.Release|Any CPU.Build.0 = Release|Any CPU
	EndGlobalSection
	GlobalSection(SolutionProperties) = preSolution
		HideSolutionNode = FALSE
	EndGlobalSection
	GlobalSection(ExtensibilityGlobals) = postSolution
		SolutionGuid = {78822065-B9A9-4F68-9C52-54B7DBEAD1E1}
	EndGlobalSection
EndGlobal
