
Microsoft Visual Studio Solution File, Format Version 12.00
# Visual Studio 15
VisualStudioVersion = 15.0.28307.852
MinimumVisualStudioVersion = 10.0.40219.1
Project("{FAE04EC0-301F-11D3-BF4B-00C04F79EFBC}") = "lab1", "lab1\lab1.csproj", "{082827B2-09DD-4D2C-92C8-66EE16A2254B}"
EndProject
Project("{FAE04EC0-301F-11D3-BF4B-00C04F79EFBC}") = "lab2", "lab2\lab2.csproj", "{A5CF7E9A-3116-4145-89D9-46E8B012C2DE}"
EndProject
Project("{FAE04EC0-301F-11D3-BF4B-00C04F79EFBC}") = "lab2_", "lab2_\lab2_.csproj", "{1277B42A-9C10-456C-8300-0C8BBA6A3201}"
EndProject
Project("{FAE04EC0-301F-11D3-BF4B-00C04F79EFBC}") = "lab4", "lab4\lab4.csproj", "{6B12A7A9-1FD2-4402-B256-66E7F56A9098}"
EndProject
Global
	GlobalSection(SolutionConfigurationPlatforms) = preSolution
		Debug|Any CPU = Debug|Any CPU
		Release|Any CPU = Release|Any CPU
	EndGlobalSection
	GlobalSection(ProjectConfigurationPlatforms) = postSolution
		{082827B2-09DD-4D2C-92C8-66EE16A2254B}.Debug|Any CPU.ActiveCfg = Debug|Any CPU
		{082827B2-09DD-4D2C-92C8-66EE16A2254B}.Debug|Any CPU.Build.0 = Debug|Any CPU
		{082827B2-09DD-4D2C-92C8-66EE16A2254B}.Release|Any CPU.ActiveCfg = Release|Any CPU
		{082827B2-09DD-4D2C-92C8-66EE16A2254B}.Release|Any CPU.Build.0 = Release|Any CPU
		{A5CF7E9A-3116-4145-89D9-46E8B012C2DE}.Debug|Any CPU.ActiveCfg = Debug|Any CPU
		{A5CF7E9A-3116-4145-89D9-46E8B012C2DE}.Debug|Any CPU.Build.0 = Debug|Any CPU
		{A5CF7E9A-3116-4145-89D9-46E8B012C2DE}.Release|Any CPU.ActiveCfg = Release|Any CPU
		{A5CF7E9A-3116-4145-89D9-46E8B012C2DE}.Release|Any CPU.Build.0 = Release|Any CPU
		{1277B42A-9C10-456C-8300-0C8BBA6A3201}.Debug|Any CPU.ActiveCfg = Debug|Any CPU
		{1277B42A-9C10-456C-8300-0C8BBA6A3201}.Debug|Any CPU.Build.0 = Debug|Any CPU
		{1277B42A-9C10-456C-8300-0C8BBA6A3201}.Release|Any CPU.ActiveCfg = Release|Any CPU
		{1277B42A-9C10-456C-8300-0C8BBA6A3201}.Release|Any CPU.Build.0 = Release|Any CPU
		{6B12A7A9-1FD2-4402-B256-66E7F56A9098}.Debug|Any CPU.ActiveCfg = Debug|Any CPU
		{6B12A7A9-1FD2-4402-B256-66E7F56A9098}.Debug|Any CPU.Build.0 = Debug|Any CPU
		{6B12A7A9-1FD2-4402-B256-66E7F56A9098}.Release|Any CPU.ActiveCfg = Release|Any CPU
		{6B12A7A9-1FD2-4402-B256-66E7F56A9098}.Release|Any CPU.Build.0 = Release|Any CPU
	EndGlobalSection
	GlobalSection(SolutionProperties) = preSolution
		HideSolutionNode = FALSE
	EndGlobalSection
	GlobalSection(ExtensibilityGlobals) = postSolution
		SolutionGuid = {78822065-B9A9-4F68-9C52-54B7DBEAD1E1}
	EndGlobalSection
EndGlobal
